// !$*UTF8*$!
{
	archiveVersion = 1;
	classes = {
	};
	objectVersion = 50;
	objects = {

/* Begin PBXBuildFile section */
		CDA620A52681AC4800A69030 /* SetGame.swift in Sources */ = {isa = PBXBuildFile; fileRef = CDA620A42681AC4800A69030 /* SetGame.swift */; };
		CDA620A72681BDC200A69030 /* ButtonHelper.swift in Sources */ = {isa = PBXBuildFile; fileRef = CDA620A62681BDC200A69030 /* ButtonHelper.swift */; };
		CDD449382680C94000C150CF /* AppDelegate.swift in Sources */ = {isa = PBXBuildFile; fileRef = CDD449372680C94000C150CF /* AppDelegate.swift */; };
		CDD4493A2680C94000C150CF /* SceneDelegate.swift in Sources */ = {isa = PBXBuildFile; fileRef = CDD449392680C94000C150CF /* SceneDelegate.swift */; };
		CDD4493C2680C94000C150CF /* SetGameViewController.swift in Sources */ = {isa = PBXBuildFile; fileRef = CDD4493B2680C94000C150CF /* SetGameViewController.swift */; };
		CDD4493F2680C94000C150CF /* Main.storyboard in Resources */ = {isa = PBXBuildFile; fileRef = CDD4493D2680C94000C150CF /* Main.storyboard */; };
		CDD449412680C94100C150CF /* Assets.xcassets in Resources */ = {isa = PBXBuildFile; fileRef = CDD449402680C94100C150CF /* Assets.xcassets */; };
		CDD449442680C94100C150CF /* LaunchScreen.storyboard in Resources */ = {isa = PBXBuildFile; fileRef = CDD449422680C94100C150CF /* LaunchScreen.storyboard */; };
		CDD4494E2680D44F00C150CF /* Card.swift in Sources */ = {isa = PBXBuildFile; fileRef = CDD4494D2680D44F00C150CF /* Card.swift */; };
/* End PBXBuildFile section */

/* Begin PBXFileReference section */
		CDA620A42681AC4800A69030 /* SetGame.swift */ = {isa = PBXFileReference; lastKnownFileType = sourcecode.swift; path = SetGame.swift; sourceTree = "<group>"; };
		CDA620A62681BDC200A69030 /* ButtonHelper.swift */ = {isa = PBXFileReference; lastKnownFileType = sourcecode.swift; path = ButtonHelper.swift; sourceTree = "<group>"; };
		CDD449342680C94000C150CF /* Set_Game_Assignment_2.app */ = {isa = PBXFileReference; explicitFileType = wrapper.application; includeInIndex = 0; path = Set_Game_Assignment_2.app; sourceTree = BUILT_PRODUCTS_DIR; };
		CDD449372680C94000C150CF /* AppDelegate.swift */ = {isa = PBXFileReference; lastKnownFileType = sourcecode.swift; path = AppDelegate.swift; sourceTree = "<group>"; };
		CDD449392680C94000C150CF /* SceneDelegate.swift */ = {isa = PBXFileReference; lastKnownFileType = sourcecode.swift; path = SceneDelegate.swift; sourceTree = "<group>"; };
		CDD4493B2680C94000C150CF /* SetGameViewController.swift */ = {isa = PBXFileReference; lastKnownFileType = sourcecode.swift; path = SetGameViewController.swift; sourceTree = "<group>"; };
		CDD4493E2680C94000C150CF /* Base */ = {isa = PBXFileReference; lastKnownFileType = file.storyboard; name = Base; path = Base.lproj/Main.storyboard; sourceTree = "<group>"; };
		CDD449402680C94100C150CF /* Assets.xcassets */ = {isa = PBXFileReference; lastKnownFileType = folder.assetcatalog; path = Assets.xcassets; sourceTree = "<group>"; };
		CDD449432680C94100C150CF /* Base */ = {isa = PBXFileReference; lastKnownFileType = file.storyboard; name = Base; path = Base.lproj/LaunchScreen.storyboard; sourceTree = "<group>"; };
		CDD449452680C94100C150CF /* Info.plist */ = {isa = PBXFileReference; lastKnownFileType = text.plist.xml; path = Info.plist; sourceTree = "<group>"; };
		CDD4494D2680D44F00C150CF /* Card.swift */ = {isa = PBXFileReference; lastKnownFileType = sourcecode.swift; path = Card.swift; sourceTree = "<group>"; };
/* End PBXFileReference section */

/* Begin PBXFrameworksBuildPhase section */
		CDD449312680C94000C150CF /* Frameworks */ = {
			isa = PBXFrameworksBuildPhase;
			buildActionMask = 2147483647;
			files = (
			);
			runOnlyForDeploymentPostprocessing = 0;
		};
/* End PBXFrameworksBuildPhase section */

/* Begin PBXGroup section */
		CDD4492B2680C94000C150CF = {
			isa = PBXGroup;
			children = (
				CDD449362680C94000C150CF /* Set_Game_Assignment_2 */,
				CDD449352680C94000C150CF /* Products */,
			);
			sourceTree = "<group>";
		};
		CDD449352680C94000C150CF /* Products */ = {
			isa = PBXGroup;
			children = (
				CDD449342680C94000C150CF /* Set_Game_Assignment_2.app */,
			);
			name = Products;
			sourceTree = "<group>";
		};
		CDD449362680C94000C150CF /* Set_Game_Assignment_2 */ = {
			isa = PBXGroup;
			children = (
				CDD449372680C94000C150CF /* AppDelegate.swift */,
				CDD4494D2680D44F00C150CF /* Card.swift */,
				CDA620A62681BDC200A69030 /* ButtonHelper.swift */,
				CDA620A42681AC4800A69030 /* SetGame.swift */,
				CDD449392680C94000C150CF /* SceneDelegate.swift */,
				CDD4493B2680C94000C150CF /* SetGameViewController.swift */,
				CDD4493D2680C94000C150CF /* Main.storyboard */,
				CDD449402680C94100C150CF /* Assets.xcassets */,
				CDD449422680C94100C150CF /* LaunchScreen.storyboard */,
				CDD449452680C94100C150CF /* Info.plist */,
			);
			path = Set_Game_Assignment_2;
			sourceTree = "<group>";
		};
/* End PBXGroup section */

/* Begin PBXNativeTarget section */
		CDD449332680C94000C150CF /* Set_Game_Assignment_2 */ = {
			isa = PBXNativeTarget;
			buildConfigurationList = CDD449482680C94100C150CF /* Build configuration list for PBXNativeTarget "Set_Game_Assignment_2" */;
			buildPhases = (
				CDD449302680C94000C150CF /* Sources */,
				CDD449312680C94000C150CF /* Frameworks */,
				CDD449322680C94000C150CF /* Resources */,
			);
			buildRules = (
			);
			dependencies = (
			);
			name = Set_Game_Assignment_2;
			productName = Set_Game_Assignment_2;
			productReference = CDD449342680C94000C150CF /* Set_Game_Assignment_2.app */;
			productType = "com.apple.product-type.application";
		};
/* End PBXNativeTarget section */

/* Begin PBXProject section */
		CDD4492C2680C94000C150CF /* Project object */ = {
			isa = PBXProject;
			attributes = {
				LastSwiftUpdateCheck = 1250;
				LastUpgradeCheck = 1250;
				TargetAttributes = {
					CDD449332680C94000C150CF = {
						CreatedOnToolsVersion = 12.5;
					};
				};
			};
			buildConfigurationList = CDD4492F2680C94000C150CF /* Build configuration list for PBXProject "Set_Game_Assignment_2" */;
			compatibilityVersion = "Xcode 9.3";
			developmentRegion = en;
			hasScannedForEncodings = 0;
			knownRegions = (
				en,
				Base,
			);
			mainGroup = CDD4492B2680C94000C150CF;
			productRefGroup = CDD449352680C94000C150CF /* Products */;
			projectDirPath = "";
			projectRoot = "";
			targets = (
				CDD449332680C94000C150CF /* Set_Game_Assignment_2 */,
			);
		};
/* End PBXProject section */

/* Begin PBXResourcesBuildPhase section */
		CDD449322680C94000C150CF /* Resources */ = {
			isa = PBXResourcesBuildPhase;
			buildActionMask = 2147483647;
			files = (
				CDD449442680C94100C150CF /* LaunchScreen.storyboard in Resources */,
				CDD449412680C94100C150CF /* Assets.xcassets in Resources */,
				CDD4493F2680C94000C150CF /* Main.storyboard in Resources */,
			);
			runOnlyForDeploymentPostprocessing = 0;
		};
/* End PBXResourcesBuildPhase section */

/* Begin PBXSourcesBuildPhase section */
		CDD449302680C94000C150CF /* Sources */ = {
			isa = PBXSourcesBuildPhase;
			buildActionMask = 2147483647;
			files = (
				CDD4493C2680C94000C150CF /* SetGameViewController.swift in Sources */,
				CDD449382680C94000C150CF /* AppDelegate.swift in Sources */,
				CDA620A52681AC4800A69030 /* SetGame.swift in Sources */,
				CDD4493A2680C94000C150CF /* SceneDelegate.swift in Sources */,
				CDD4494E2680D44F00C150CF /* Card.swift in Sources */,
				CDA620A72681BDC200A69030 /* ButtonHelper.swift in Sources */,
			);
			runOnlyForDeploymentPostprocessing = 0;
		};
/* End PBXSourcesBuildPhase section */

/* Begin PBXVariantGroup section */
		CDD4493D2680C94000C150CF /* Main.storyboard */ = {
			isa = PBXVariantGroup;
			children = (
				CDD4493E2680C94000C150CF /* Base */,
			);
			name = Main.storyboard;
			sourceTree = "<group>";
		};
		CDD449422680C94100C150CF /* LaunchScreen.storyboard */ = {
			isa = PBXVariantGroup;
			children = (
				CDD449432680C94100C150CF /* Base */,
			);
			name = LaunchScreen.storyboard;
			sourceTree = "<group>";
		};
/* End PBXVariantGroup section */

/* Begin XCBuildConfiguration section */
		CDD449462680C94100C150CF /* Debug */ = {
			isa = XCBuildConfiguration;
			buildSettings = {
				ALWAYS_SEARCH_USER_PATHS = NO;
				CLANG_ANALYZER_NONNULL = YES;
				CLANG_ANALYZER_NUMBER_OBJECT_CONVERSION = YES_AGGRESSIVE;
				CLANG_CXX_LANGUAGE_STANDARD = "gnu++14";
				CLANG_CXX_LIBRARY = "libc++";
				CLANG_ENABLE_MODULES = YES;
				CLANG_ENABLE_OBJC_ARC = YES;
				CLANG_ENABLE_OBJC_WEAK = YES;
				CLANG_WARN_BLOCK_CAPTURE_AUTORELEASING = YES;
				CLANG_WARN_BOOL_CONVERSION = YES;
				CLANG_WARN_COMMA = YES;
				CLANG_WARN_CONSTANT_CONVERSION = YES;
				CLANG_WARN_DEPRECATED_OBJC_IMPLEMENTATIONS = YES;
				CLANG_WARN_DIRECT_OBJC_ISA_USAGE = YES_ERROR;
				CLANG_WARN_DOCUMENTATION_COMMENTS = YES;
				CLANG_WARN_EMPTY_BODY = YES;
				CLANG_WARN_ENUM_CONVERSION = YES;
				CLANG_WARN_INFINITE_RECURSION = YES;
				CLANG_WARN_INT_CONVERSION = YES;
				CLANG_WARN_NON_LITERAL_NULL_CONVERSION = YES;
				CLANG_WARN_OBJC_IMPLICIT_RETAIN_SELF = YES;
				CLANG_WARN_OBJC_LITERAL_CONVERSION = YES;
				CLANG_WARN_OBJC_ROOT_CLASS = YES_ERROR;
				CLANG_WARN_QUOTED_INCLUDE_IN_FRAMEWORK_HEADER = YES;
				CLANG_WARN_RANGE_LOOP_ANALYSIS = YES;
				CLANG_WARN_STRICT_PROTOTYPES = YES;
				CLANG_WARN_SUSPICIOUS_MOVE = YES;
				CLANG_WARN_UNGUARDED_AVAILABILITY = YES_AGGRESSIVE;
				CLANG_WARN_UNREACHABLE_CODE = YES;
				CLANG_WARN__DUPLICATE_METHOD_MATCH = YES;
				COPY_PHASE_STRIP = NO;
				DEBUG_INFORMATION_FORMAT = dwarf;
				ENABLE_STRICT_OBJC_MSGSEND = YES;
				ENABLE_TESTABILITY = YES;
				GCC_C_LANGUAGE_STANDARD = gnu11;
				GCC_DYNAMIC_NO_PIC = NO;
				GCC_NO_COMMON_BLOCKS = YES;
				GCC_OPTIMIZATION_LEVEL = 0;
				GCC_PREPROCESSOR_DEFINITIONS = (
					"DEBUG=1",
					"$(inherited)",
				);
				GCC_WARN_64_TO_32_BIT_CONVERSION = YES;
				GCC_WARN_ABOUT_RETURN_TYPE = YES_ERROR;
				GCC_WARN_UNDECLARED_SELECTOR = YES;
				GCC_WARN_UNINITIALIZED_AUTOS = YES_AGGRESSIVE;
				GCC_WARN_UNUSED_FUNCTION = YES;
				GCC_WARN_UNUSED_VARIABLE = YES;
				IPHONEOS_DEPLOYMENT_TARGET = 14.5;
				MTL_ENABLE_DEBUG_INFO = INCLUDE_SOURCE;
				MTL_FAST_MATH = YES;
				ONLY_ACTIVE_ARCH = YES;
				SDKROOT = iphoneos;
				SWIFT_ACTIVE_COMPILATION_CONDITIONS = DEBUG;
				SWIFT_OPTIMIZATION_LEVEL = "-Onone";
			};
			name = Debug;
		};
		CDD449472680C94100C150CF /* Release */ = {
			isa = XCBuildConfiguration;
			buildSettings = {
				ALWAYS_SEARCH_USER_PATHS = NO;
				CLANG_ANALYZER_NONNULL = YES;
				CLANG_ANALYZER_NUMBER_OBJECT_CONVERSION = YES_AGGRESSIVE;
				CLANG_CXX_LANGUAGE_STANDARD = "gnu++14";
				CLANG_CXX_LIBRARY = "libc++";
				CLANG_ENABLE_MODULES = YES;
				CLANG_ENABLE_OBJC_ARC = YES;
				CLANG_ENABLE_OBJC_WEAK = YES;
				CLANG_WARN_BLOCK_CAPTURE_AUTORELEASING = YES;
				CLANG_WARN_BOOL_CONVERSION = YES;
				CLANG_WARN_COMMA = YES;
				CLANG_WARN_CONSTANT_CONVERSION = YES;
				CLANG_WARN_DEPRECATED_OBJC_IMPLEMENTATIONS = YES;
				CLANG_WARN_DIRECT_OBJC_ISA_USAGE = YES_ERROR;
				CLANG_WARN_DOCUMENTATION_COMMENTS = YES;
				CLANG_WARN_EMPTY_BODY = YES;
				CLANG_WARN_ENUM_CONVERSION = YES;
				CLANG_WARN_INFINITE_RECURSION = YES;
				CLANG_WARN_INT_CONVERSION = YES;
				CLANG_WARN_NON_LITERAL_NULL_CONVERSION = YES;
				CLANG_WARN_OBJC_IMPLICIT_RETAIN_SELF = YES;
				CLANG_WARN_OBJC_LITERAL_CONVERSION = YES;
				CLANG_WARN_OBJC_ROOT_CLASS = YES_ERROR;
				CLANG_WARN_QUOTED_INCLUDE_IN_FRAMEWORK_HEADER = YES;
				CLANG_WARN_RANGE_LOOP_ANALYSIS = YES;
				CLANG_WARN_STRICT_PROTOTYPES = YES;
				CLANG_WARN_SUSPICIOUS_MOVE = YES;
				CLANG_WARN_UNGUARDED_AVAILABILITY = YES_AGGRESSIVE;
				CLANG_WARN_UNREACHABLE_CODE = YES;
				CLANG_WARN__DUPLICATE_METHOD_MATCH = YES;
				COPY_PHASE_STRIP = NO;
				DEBUG_INFORMATION_FORMAT = "dwarf-with-dsym";
				ENABLE_NS_ASSERTIONS = NO;
				ENABLE_STRICT_OBJC_MSGSEND = YES;
				GCC_C_LANGUAGE_STANDARD = gnu11;
				GCC_NO_COMMON_BLOCKS = YES;
				GCC_WARN_64_TO_32_BIT_CONVERSION = YES;
				GCC_WARN_ABOUT_RETURN_TYPE = YES_ERROR;
				GCC_WARN_UNDECLARED_SELECTOR = YES;
				GCC_WARN_UNINITIALIZED_AUTOS = YES_AGGRESSIVE;
				GCC_WARN_UNUSED_FUNCTION = YES;
				GCC_WARN_UNUSED_VARIABLE = YES;
				IPHONEOS_DEPLOYMENT_TARGET = 14.5;
				MTL_ENABLE_DEBUG_INFO = NO;
				MTL_FAST_MATH = YES;
				SDKROOT = iphoneos;
				SWIFT_COMPILATION_MODE = wholemodule;
				SWIFT_OPTIMIZATION_LEVEL = "-O";
				VALIDATE_PRODUCT = YES;
			};
			name = Release;
		};
		CDD449492680C94100C150CF /* Debug */ = {
			isa = XCBuildConfiguration;
			buildSettings = {
				ASSETCATALOG_COMPILER_APPICON_NAME = AppIcon;
				ASSETCATALOG_COMPILER_GLOBAL_ACCENT_COLOR_NAME = AccentColor;
				CODE_SIGN_STYLE = Automatic;
				INFOPLIST_FILE = Set_Game_Assignment_2/Info.plist;
				LD_RUNPATH_SEARCH_PATHS = (
					"$(inherited)",
					"@executable_path/Frameworks",
				);
				PRODUCT_BUNDLE_IDENTIFIER = "cherrypick-consulting.Set-Game-Assignment-2";
				PRODUCT_NAME = "$(TARGET_NAME)";
				SWIFT_VERSION = 5.0;
				TARGETED_DEVICE_FAMILY = "1,2";
			};
			name = Debug;
		};
		CDD4494A2680C94100C150CF /* Release */ = {
			isa = XCBuildConfiguration;
			buildSettings = {
				ASSETCATALOG_COMPILER_APPICON_NAME = AppIcon;
				ASSETCATALOG_COMPILER_GLOBAL_ACCENT_COLOR_NAME = AccentColor;
				CODE_SIGN_STYLE = Automatic;
				INFOPLIST_FILE = Set_Game_Assignment_2/Info.plist;
				LD_RUNPATH_SEARCH_PATHS = (
					"$(inherited)",
					"@executable_path/Frameworks",
				);
				PRODUCT_BUNDLE_IDENTIFIER = "cherrypick-consulting.Set-Game-Assignment-2";
				PRODUCT_NAME = "$(TARGET_NAME)";
				SWIFT_VERSION = 5.0;
				TARGETED_DEVICE_FAMILY = "1,2";
			};
			name = Release;
		};
/* End XCBuildConfiguration section */

/* Begin XCConfigurationList section */
		CDD4492F2680C94000C150CF /* Build configuration list for PBXProject "Set_Game_Assignment_2" */ = {
			isa = XCConfigurationList;
			buildConfigurations = (
				CDD449462680C94100C150CF /* Debug */,
				CDD449472680C94100C150CF /* Release */,
			);
			defaultConfigurationIsVisible = 0;
			defaultConfigurationName = Release;
		};
		CDD449482680C94100C150CF /* Build configuration list for PBXNativeTarget "Set_Game_Assignment_2" */ = {
			isa = XCConfigurationList;
			buildConfigurations = (
				CDD449492680C94100C150CF /* Debug */,
				CDD4494A2680C94100C150CF /* Release */,
			);
			defaultConfigurationIsVisible = 0;
			defaultConfigurationName = Release;
		};
/* End XCConfigurationList section */
	};
	rootObject = CDD4492C2680C94000C150CF /* Project object */;
}
